// !$*UTF8*$!
{
	archiveVersion = 1;
	classes = {
	};
	objectVersion = 46;
	objects = {

/* Begin PBXBuildFile section */
		DEA0686C1BFC6743009CE91E /* main.m in Sources */ = {isa = PBXBuildFile; fileRef = DEA0686B1BFC6743009CE91E /* main.m */; };
		DEA0686F1BFC6743009CE91E /* AppDelegate.m in Sources */ = {isa = PBXBuildFile; fileRef = DEA0686E1BFC6743009CE91E /* AppDelegate.m */; };
		DEA068721BFC6743009CE91E /* ViewController.m in Sources */ = {isa = PBXBuildFile; fileRef = DEA068711BFC6743009CE91E /* ViewController.m */; };
		DEA068751BFC6743009CE91E /* Main.storyboard in Resources */ = {isa = PBXBuildFile; fileRef = DEA068731BFC6743009CE91E /* Main.storyboard */; };
		DEA068771BFC6743009CE91E /* Assets.xcassets in Resources */ = {isa = PBXBuildFile; fileRef = DEA068761BFC6743009CE91E /* Assets.xcassets */; };
		DEA0687A1BFC6743009CE91E /* LaunchScreen.storyboard in Resources */ = {isa = PBXBuildFile; fileRef = DEA068781BFC6743009CE91E /* LaunchScreen.storyboard */; };
		DEA068851BFC6744009CE91E /* Method_SwizzleTests.m in Sources */ = {isa = PBXBuildFile; fileRef = DEA068841BFC6744009CE91E /* Method_SwizzleTests.m */; };
		DEA068901BFC6744009CE91E /* Method_SwizzleUITests.m in Sources */ = {isa = PBXBuildFile; fileRef = DEA0688F1BFC6744009CE91E /* Method_SwizzleUITests.m */; };
		DEA0689F1BFC677F009CE91E /* CYPerson.m in Sources */ = {isa = PBXBuildFile; fileRef = DEA0689E1BFC677F009CE91E /* CYPerson.m */; };
		DEA068A21BFC67C7009CE91E /* UIViewController+CYExtention.m in Sources */ = {isa = PBXBuildFile; fileRef = DEA068A11BFC67C7009CE91E /* UIViewController+CYExtention.m */; };
/* End PBXBuildFile section */

/* Begin PBXContainerItemProxy section */
		DEA068811BFC6744009CE91E /* PBXContainerItemProxy */ = {
			isa = PBXContainerItemProxy;
			containerPortal = DEA0685F1BFC6743009CE91E /* Project object */;
			proxyType = 1;
			remoteGlobalIDString = DEA068661BFC6743009CE91E;
			remoteInfo = "Method Swizzle";
		};
		DEA0688C1BFC6744009CE91E /* PBXContainerItemProxy */ = {
			isa = PBXContainerItemProxy;
			containerPortal = DEA0685F1BFC6743009CE91E /* Project object */;
			proxyType = 1;
			remoteGlobalIDString = DEA068661BFC6743009CE91E;
			remoteInfo = "Method Swizzle";
		};
/* End PBXContainerItemProxy section */

/* Begin PBXFileReference section */
		DEA068671BFC6743009CE91E /* Method Swizzle.app */ = {isa = PBXFileReference; explicitFileType = wrapper.application; includeInIndex = 0; path = "Method Swizzle.app"; sourceTree = BUILT_PRODUCTS_DIR; };
		DEA0686B1BFC6743009CE91E /* main.m */ = {isa = PBXFileReference; lastKnownFileType = sourcecode.c.objc; path = main.m; sourceTree = "<group>"; };
		DEA0686D1BFC6743009CE91E /* AppDelegate.h */ = {isa = PBXFileReference; lastKnownFileType = sourcecode.c.h; path = AppDelegate.h; sourceTree = "<group>"; };
		DEA0686E1BFC6743009CE91E /* AppDelegate.m */ = {isa = PBXFileReference; lastKnownFileType = sourcecode.c.objc; path = AppDelegate.m; sourceTree = "<group>"; };
		DEA068701BFC6743009CE91E /* ViewController.h */ = {isa = PBXFileReference; lastKnownFileType = sourcecode.c.h; path = ViewController.h; sourceTree = "<group>"; };
		DEA068711BFC6743009CE91E /* ViewController.m */ = {isa = PBXFileReference; lastKnownFileType = sourcecode.c.objc; path = ViewController.m; sourceTree = "<group>"; };
		DEA068741BFC6743009CE91E /* Base */ = {isa = PBXFileReference; lastKnownFileType = file.storyboard; name = Base; path = Base.lproj/Main.storyboard; sourceTree = "<group>"; };
		DEA068761BFC6743009CE91E /* Assets.xcassets */ = {isa = PBXFileReference; lastKnownFileType = folder.assetcatalog; path = Assets.xcassets; sourceTree = "<group>"; };
		DEA068791BFC6743009CE91E /* Base */ = {isa = PBXFileReference; lastKnownFileType = file.storyboard; name = Base; path = Base.lproj/LaunchScreen.storyboard; sourceTree = "<group>"; };
		DEA0687B1BFC6743009CE91E /* Info.plist */ = {isa = PBXFileReference; lastKnownFileType = text.plist.xml; path = Info.plist; sourceTree = "<group>"; };
		DEA068801BFC6744009CE91E /* Method SwizzleTests.xctest */ = {isa = PBXFileReference; explicitFileType = wrapper.cfbundle; includeInIndex = 0; path = "Method SwizzleTests.xctest"; sourceTree = BUILT_PRODUCTS_DIR; };
		DEA068841BFC6744009CE91E /* Method_SwizzleTests.m */ = {isa = PBXFileReference; lastKnownFileType = sourcecode.c.objc; path = Method_SwizzleTests.m; sourceTree = "<group>"; };
		DEA068861BFC6744009CE91E /* Info.plist */ = {isa = PBXFileReference; lastKnownFileType = text.plist.xml; path = Info.plist; sourceTree = "<group>"; };
		DEA0688B1BFC6744009CE91E /* Method SwizzleUITests.xctest */ = {isa = PBXFileReference; explicitFileType = wrapper.cfbundle; includeInIndex = 0; path = "Method SwizzleUITests.xctest"; sourceTree = BUILT_PRODUCTS_DIR; };
		DEA0688F1BFC6744009CE91E /* Method_SwizzleUITests.m */ = {isa = PBXFileReference; lastKnownFileType = sourcecode.c.objc; path = Method_SwizzleUITests.m; sourceTree = "<group>"; };
		DEA068911BFC6744009CE91E /* Info.plist */ = {isa = PBXFileReference; lastKnownFileType = text.plist.xml; path = Info.plist; sourceTree = "<group>"; };
		DEA0689D1BFC677F009CE91E /* CYPerson.h */ = {isa = PBXFileReference; fileEncoding = 4; lastKnownFileType = sourcecode.c.h; path = CYPerson.h; sourceTree = "<group>"; };
		DEA0689E1BFC677F009CE91E /* CYPerson.m */ = {isa = PBXFileReference; fileEncoding = 4; lastKnownFileType = sourcecode.c.objc; path = CYPerson.m; sourceTree = "<group>"; };
		DEA068A11BFC67C7009CE91E /* UIViewController+CYExtention.m */ = {isa = PBXFileReference; fileEncoding = 4; lastKnownFileType = sourcecode.c.objc; path = "UIViewController+CYExtention.m"; sourceTree = "<group>"; };
/* End PBXFileReference section */

/* Begin PBXFrameworksBuildPhase section */
		DEA068641BFC6743009CE91E /* Frameworks */ = {
			isa = PBXFrameworksBuildPhase;
			buildActionMask = 2147483647;
			files = (
			);
			runOnlyForDeploymentPostprocessing = 0;
		};
		DEA0687D1BFC6744009CE91E /* Frameworks */ = {
			isa = PBXFrameworksBuildPhase;
			buildActionMask = 2147483647;
			files = (
			);
			runOnlyForDeploymentPostprocessing = 0;
		};
		DEA068881BFC6744009CE91E /* Frameworks */ = {
			isa = PBXFrameworksBuildPhase;
			buildActionMask = 2147483647;
			files = (
			);
			runOnlyForDeploymentPostprocessing = 0;
		};
/* End PBXFrameworksBuildPhase section */

/* Begin PBXGroup section */
		DEA0685E1BFC6743009CE91E = {
			isa = PBXGroup;
			children = (
				DEA068691BFC6743009CE91E /* Method Swizzle */,
				DEA068831BFC6744009CE91E /* Method SwizzleTests */,
				DEA0688E1BFC6744009CE91E /* Method SwizzleUITests */,
				DEA068681BFC6743009CE91E /* Products */,
			);
			sourceTree = "<group>";
		};
		DEA068681BFC6743009CE91E /* Products */ = {
			isa = PBXGroup;
			children = (
				DEA068671BFC6743009CE91E /* Method Swizzle.app */,
				DEA068801BFC6744009CE91E /* Method SwizzleTests.xctest */,
				DEA0688B1BFC6744009CE91E /* Method SwizzleUITests.xctest */,
			);
			name = Products;
			sourceTree = "<group>";
		};
		DEA068691BFC6743009CE91E /* Method Swizzle */ = {
			isa = PBXGroup;
			children = (
				DEA0686D1BFC6743009CE91E /* AppDelegate.h */,
				DEA0686E1BFC6743009CE91E /* AppDelegate.m */,
				DEA0689D1BFC677F009CE91E /* CYPerson.h */,
				DEA0689E1BFC677F009CE91E /* CYPerson.m */,
				DEA068A11BFC67C7009CE91E /* UIViewController+CYExtention.m */,
				DEA068701BFC6743009CE91E /* ViewController.h */,
				DEA068711BFC6743009CE91E /* ViewController.m */,
				DEA068731BFC6743009CE91E /* Main.storyboard */,
				DEA068761BFC6743009CE91E /* Assets.xcassets */,
				DEA068781BFC6743009CE91E /* LaunchScreen.storyboard */,
				DEA0687B1BFC6743009CE91E /* Info.plist */,
				DEA0686A1BFC6743009CE91E /* Supporting Files */,
			);
			path = "Method Swizzle";
			sourceTree = "<group>";
		};
		DEA0686A1BFC6743009CE91E /* Supporting Files */ = {
			isa = PBXGroup;
			children = (
				DEA0686B1BFC6743009CE91E /* main.m */,
			);
			name = "Supporting Files";
			sourceTree = "<group>";
		};
		DEA068831BFC6744009CE91E /* Method SwizzleTests */ = {
			isa = PBXGroup;
			children = (
				DEA068841BFC6744009CE91E /* Method_SwizzleTests.m */,
				DEA068861BFC6744009CE91E /* Info.plist */,
			);
			path = "Method SwizzleTests";
			sourceTree = "<group>";
		};
		DEA0688E1BFC6744009CE91E /* Method SwizzleUITests */ = {
			isa = PBXGroup;
			children = (
				DEA0688F1BFC6744009CE91E /* Method_SwizzleUITests.m */,
				DEA068911BFC6744009CE91E /* Info.plist */,
			);
			path = "Method SwizzleUITests";
			sourceTree = "<group>";
		};
/* End PBXGroup section */

/* Begin PBXNativeTarget section */
		DEA068661BFC6743009CE91E /* Method Swizzle */ = {
			isa = PBXNativeTarget;
			buildConfigurationList = DEA068941BFC6744009CE91E /* Build configuration list for PBXNativeTarget "Method Swizzle" */;
			buildPhases = (
				DEA068631BFC6743009CE91E /* Sources */,
				DEA068641BFC6743009CE91E /* Frameworks */,
				DEA068651BFC6743009CE91E /* Resources */,
			);
			buildRules = (
			);
			dependencies = (
			);
			name = "Method Swizzle";
			productName = "Method Swizzle";
			productReference = DEA068671BFC6743009CE91E /* Method Swizzle.app */;
			productType = "com.apple.product-type.application";
		};
		DEA0687F1BFC6744009CE91E /* Method SwizzleTests */ = {
			isa = PBXNativeTarget;
			buildConfigurationList = DEA068971BFC6744009CE91E /* Build configuration list for PBXNativeTarget "Method SwizzleTests" */;
			buildPhases = (
				DEA0687C1BFC6744009CE91E /* Sources */,
				DEA0687D1BFC6744009CE91E /* Frameworks */,
				DEA0687E1BFC6744009CE91E /* Resources */,
			);
			buildRules = (
			);
			dependencies = (
				DEA068821BFC6744009CE91E /* PBXTargetDependency */,
			);
			name = "Method SwizzleTests";
			productName = "Method SwizzleTests";
			productReference = DEA068801BFC6744009CE91E /* Method SwizzleTests.xctest */;
			productType = "com.apple.product-type.bundle.unit-test";
		};
		DEA0688A1BFC6744009CE91E /* Method SwizzleUITests */ = {
			isa = PBXNativeTarget;
			buildConfigurationList = DEA0689A1BFC6744009CE91E /* Build configuration list for PBXNativeTarget "Method SwizzleUITests" */;
			buildPhases = (
				DEA068871BFC6744009CE91E /* Sources */,
				DEA068881BFC6744009CE91E /* Frameworks */,
				DEA068891BFC6744009CE91E /* Resources */,
			);
			buildRules = (
			);
			dependencies = (
				DEA0688D1BFC6744009CE91E /* PBXTargetDependency */,
			);
			name = "Method SwizzleUITests";
			productName = "Method SwizzleUITests";
			productReference = DEA0688B1BFC6744009CE91E /* Method SwizzleUITests.xctest */;
			productType = "com.apple.product-type.bundle.ui-testing";
		};
/* End PBXNativeTarget section */

/* Begin PBXProject section */
		DEA0685F1BFC6743009CE91E /* Project object */ = {
			isa = PBXProject;
			attributes = {
				LastUpgradeCheck = 0710;
				ORGANIZATIONNAME = "聪颖不聪颖";
				TargetAttributes = {
					DEA068661BFC6743009CE91E = {
						CreatedOnToolsVersion = 7.1.1;
						DevelopmentTeam = DZESFQ27ED;
					};
					DEA0687F1BFC6744009CE91E = {
						CreatedOnToolsVersion = 7.1.1;
						DevelopmentTeam = DZESFQ27ED;
						TestTargetID = DEA068661BFC6743009CE91E;
					};
					DEA0688A1BFC6744009CE91E = {
						CreatedOnToolsVersion = 7.1.1;
						DevelopmentTeam = DZESFQ27ED;
						TestTargetID = DEA068661BFC6743009CE91E;
					};
				};
			};
			buildConfigurationList = DEA068621BFC6743009CE91E /* Build configuration list for PBXProject "Method Swizzle" */;
			compatibilityVersion = "Xcode 3.2";
			developmentRegion = English;
			hasScannedForEncodings = 0;
			knownRegions = (
				en,
				Base,
			);
			mainGroup = DEA0685E1BFC6743009CE91E;
			productRefGroup = DEA068681BFC6743009CE91E /* Products */;
			projectDirPath = "";
			projectRoot = "";
			targets = (
				DEA068661BFC6743009CE91E /* Method Swizzle */,
				DEA0687F1BFC6744009CE91E /* Method SwizzleTests */,
				DEA0688A1BFC6744009CE91E /* Method SwizzleUITests */,
			);
		};
/* End PBXProject section */

/* Begin PBXResourcesBuildPhase section */
		DEA068651BFC6743009CE91E /* Resources */ = {
			isa = PBXResourcesBuildPhase;
			buildActionMask = 2147483647;
			files = (
				DEA0687A1BFC6743009CE91E /* LaunchScreen.storyboard in Resources */,
				DEA068771BFC6743009CE91E /* Assets.xcassets in Resources */,
				DEA068751BFC6743009CE91E /* Main.storyboard in Resources */,
			);
			runOnlyForDeploymentPostprocessing = 0;
		};
		DEA0687E1BFC6744009CE91E /* Resources */ = {
			isa = PBXResourcesBuildPhase;
			buildActionMask = 2147483647;
			files = (
			);
			runOnlyForDeploymentPostprocessing = 0;
		};
		DEA068891BFC6744009CE91E /* Resources */ = {
			isa = PBXResourcesBuildPhase;
			buildActionMask = 2147483647;
			files = (
			);
			runOnlyForDeploymentPostprocessing = 0;
		};
/* End PBXResourcesBuildPhase section */

/* Begin PBXSourcesBuildPhase section */
		DEA068631BFC6743009CE91E /* Sources */ = {
			isa = PBXSourcesBuildPhase;
			buildActionMask = 2147483647;
			files = (
				DEA0689F1BFC677F009CE91E /* CYPerson.m in Sources */,
				DEA068721BFC6743009CE91E /* ViewController.m in Sources */,
				DEA0686F1BFC6743009CE91E /* AppDelegate.m in Sources */,
				DEA0686C1BFC6743009CE91E /* main.m in Sources */,
				DEA068A21BFC67C7009CE91E /* UIViewController+CYExtention.m in Sources */,
			);
			runOnlyForDeploymentPostprocessing = 0;
		};
		DEA0687C1BFC6744009CE91E /* Sources */ = {
			isa = PBXSourcesBuildPhase;
			buildActionMask = 2147483647;
			files = (
				DEA068851BFC6744009CE91E /* Method_SwizzleTests.m in Sources */,
			);
			runOnlyForDeploymentPostprocessing = 0;
		};
		DEA068871BFC6744009CE91E /* Sources */ = {
			isa = PBXSourcesBuildPhase;
			buildActionMask = 2147483647;
			files = (
				DEA068901BFC6744009CE91E /* Method_SwizzleUITests.m in Sources */,
			);
			runOnlyForDeploymentPostprocessing = 0;
		};
/* End PBXSourcesBuildPhase section */

/* Begin PBXTargetDependency section */
		DEA068821BFC6744009CE91E /* PBXTargetDependency */ = {
			isa = PBXTargetDependency;
			target = DEA068661BFC6743009CE91E /* Method Swizzle */;
			targetProxy = DEA068811BFC6744009CE91E /* PBXContainerItemProxy */;
		};
		DEA0688D1BFC6744009CE91E /* PBXTargetDependency */ = {
			isa = PBXTargetDependency;
			target = DEA068661BFC6743009CE91E /* Method Swizzle */;
			targetProxy = DEA0688C1BFC6744009CE91E /* PBXContainerItemProxy */;
		};
/* End PBXTargetDependency section */

/* Begin PBXVariantGroup section */
		DEA068731BFC6743009CE91E /* Main.storyboard */ = {
			isa = PBXVariantGroup;
			children = (
				DEA068741BFC6743009CE91E /* Base */,
			);
			name = Main.storyboard;
			sourceTree = "<group>";
		};
		DEA068781BFC6743009CE91E /* LaunchScreen.storyboard */ = {
			isa = PBXVariantGroup;
			children = (
				DEA068791BFC6743009CE91E /* Base */,
			);
			name = LaunchScreen.storyboard;
			sourceTree = "<group>";
		};
/* End PBXVariantGroup section */

/* Begin XCBuildConfiguration section */
		DEA068921BFC6744009CE91E /* Debug */ = {
			isa = XCBuildConfiguration;
			buildSettings = {
				ALWAYS_SEARCH_USER_PATHS = NO;
				CLANG_CXX_LANGUAGE_STANDARD = "gnu++0x";
				CLANG_CXX_LIBRARY = "libc++";
				CLANG_ENABLE_MODULES = YES;
				CLANG_ENABLE_OBJC_ARC = YES;
				CLANG_WARN_BOOL_CONVERSION = YES;
				CLANG_WARN_CONSTANT_CONVERSION = YES;
				CLANG_WARN_DIRECT_OBJC_ISA_USAGE = YES_ERROR;
				CLANG_WARN_EMPTY_BODY = YES;
				CLANG_WARN_ENUM_CONVERSION = YES;
				CLANG_WARN_INT_CONVERSION = YES;
				CLANG_WARN_OBJC_ROOT_CLASS = YES_ERROR;
				CLANG_WARN_UNREACHABLE_CODE = YES;
				CLANG_WARN__DUPLICATE_METHOD_MATCH = YES;
				"CODE_SIGN_IDENTITY[sdk=iphoneos*]" = "iPhone Developer";
				COPY_PHASE_STRIP = NO;
				DEBUG_INFORMATION_FORMAT = dwarf;
				ENABLE_STRICT_OBJC_MSGSEND = YES;
				ENABLE_TESTABILITY = YES;
				GCC_C_LANGUAGE_STANDARD = gnu99;
				GCC_DYNAMIC_NO_PIC = NO;
				GCC_NO_COMMON_BLOCKS = YES;
				GCC_OPTIMIZATION_LEVEL = 0;
				GCC_PREPROCESSOR_DEFINITIONS = (
					"DEBUG=1",
					"$(inherited)",
				);
				GCC_WARN_64_TO_32_BIT_CONVERSION = YES;
				GCC_WARN_ABOUT_RETURN_TYPE = YES_ERROR;
				GCC_WARN_UNDECLARED_SELECTOR = YES;
				GCC_WARN_UNINITIALIZED_AUTOS = YES_AGGRESSIVE;
				GCC_WARN_UNUSED_FUNCTION = YES;
				GCC_WARN_UNUSED_VARIABLE = YES;
				IPHONEOS_DEPLOYMENT_TARGET = 9.1;
				MTL_ENABLE_DEBUG_INFO = YES;
				ONLY_ACTIVE_ARCH = YES;
				SDKROOT = iphoneos;
			};
			name = Debug;
		};
		DEA068931BFC6744009CE91E /* Release */ = {
			isa = XCBuildConfiguration;
			buildSettings = {
				ALWAYS_SEARCH_USER_PATHS = NO;
				CLANG_CXX_LANGUAGE_STANDARD = "gnu++0x";
				CLANG_CXX_LIBRARY = "libc++";
				CLANG_ENABLE_MODULES = YES;
				CLANG_ENABLE_OBJC_ARC = YES;
				CLANG_WARN_BOOL_CONVERSION = YES;
				CLANG_WARN_CONSTANT_CONVERSION = YES;
				CLANG_WARN_DIRECT_OBJC_ISA_USAGE = YES_ERROR;
				CLANG_WARN_EMPTY_BODY = YES;
				CLANG_WARN_ENUM_CONVERSION = YES;
				CLANG_WARN_INT_CONVERSION = YES;
				CLANG_WARN_OBJC_ROOT_CLASS = YES_ERROR;
				CLANG_WARN_UNREACHABLE_CODE = YES;
				CLANG_WARN__DUPLICATE_METHOD_MATCH = YES;
				"CODE_SIGN_IDENTITY[sdk=iphoneos*]" = "iPhone Developer";
				COPY_PHASE_STRIP = NO;
				DEBUG_INFORMATION_FORMAT = "dwarf-with-dsym";
				ENABLE_NS_ASSERTIONS = NO;
				ENABLE_STRICT_OBJC_MSGSEND = YES;
				GCC_C_LANGUAGE_STANDARD = gnu99;
				GCC_NO_COMMON_BLOCKS = YES;
				GCC_WARN_64_TO_32_BIT_CONVERSION = YES;
				GCC_WARN_ABOUT_RETURN_TYPE = YES_ERROR;
				GCC_WARN_UNDECLARED_SELECTOR = YES;
				GCC_WARN_UNINITIALIZED_AUTOS = YES_AGGRESSIVE;
				GCC_WARN_UNUSED_FUNCTION = YES;
				GCC_WARN_UNUSED_VARIABLE = YES;
				IPHONEOS_DEPLOYMENT_TARGET = 9.1;
				MTL_ENABLE_DEBUG_INFO = NO;
				SDKROOT = iphoneos;
				VALIDATE_PRODUCT = YES;
			};
			name = Release;
		};
		DEA068951BFC6744009CE91E /* Debug */ = {
			isa = XCBuildConfiguration;
			buildSettings = {
				ASSETCATALOG_COMPILER_APPICON_NAME = AppIcon;
				INFOPLIST_FILE = "Method Swizzle/Info.plist";
				LD_RUNPATH_SEARCH_PATHS = "$(inherited) @executable_path/Frameworks";
				PRODUCT_BUNDLE_IDENTIFIER = "CY.Method-Swizzle";
				PRODUCT_NAME = "$(TARGET_NAME)";
			};
			name = Debug;
		};
		DEA068961BFC6744009CE91E /* Release */ = {
			isa = XCBuildConfiguration;
			buildSettings = {
				ASSETCATALOG_COMPILER_APPICON_NAME = AppIcon;
				INFOPLIST_FILE = "Method Swizzle/Info.plist";
				LD_RUNPATH_SEARCH_PATHS = "$(inherited) @executable_path/Frameworks";
				PRODUCT_BUNDLE_IDENTIFIER = "CY.Method-Swizzle";
				PRODUCT_NAME = "$(TARGET_NAME)";
			};
			name = Release;
		};
		DEA068981BFC6744009CE91E /* Debug */ = {
			isa = XCBuildConfiguration;
			buildSettings = {
				BUNDLE_LOADER = "$(TEST_HOST)";
				INFOPLIST_FILE = "Method SwizzleTests/Info.plist";
				LD_RUNPATH_SEARCH_PATHS = "$(inherited) @executable_path/Frameworks @loader_path/Frameworks";
				PRODUCT_BUNDLE_IDENTIFIER = "CY.Method-SwizzleTests";
				PRODUCT_NAME = "$(TARGET_NAME)";
				TEST_HOST = "$(BUILT_PRODUCTS_DIR)/Method Swizzle.app/Method Swizzle";
			};
			name = Debug;
		};
		DEA068991BFC6744009CE91E /* Release */ = {
			isa = XCBuildConfiguration;
			buildSettings = {
				BUNDLE_LOADER = "$(TEST_HOST)";
				INFOPLIST_FILE = "Method SwizzleTests/Info.plist";
				LD_RUNPATH_SEARCH_PATHS = "$(inherited) @executable_path/Frameworks @loader_path/Frameworks";
				PRODUCT_BUNDLE_IDENTIFIER = "CY.Method-SwizzleTests";
				PRODUCT_NAME = "$(TARGET_NAME)";
				TEST_HOST = "$(BUILT_PRODUCTS_DIR)/Method Swizzle.app/Method Swizzle";
			};
			name = Release;
		};
		DEA0689B1BFC6744009CE91E /* Debug */ = {
			isa = XCBuildConfiguration;
			buildSettings = {
				INFOPLIST_FILE = "Method SwizzleUITests/Info.plist";
				LD_RUNPATH_SEARCH_PATHS = "$(inherited) @executable_path/Frameworks @loader_path/Frameworks";
				PRODUCT_BUNDLE_IDENTIFIER = "CY.Method-SwizzleUITests";
				PRODUCT_NAME = "$(TARGET_NAME)";
				TEST_TARGET_NAME = "Method Swizzle";
				USES_XCTRUNNER = YES;
			};
			name = Debug;
		};
		DEA0689C1BFC6744009CE91E /* Release */ = {
			isa = XCBuildConfiguration;
			buildSettings = {
				INFOPLIST_FILE = "Method SwizzleUITests/Info.plist";
				LD_RUNPATH_SEARCH_PATHS = "$(inherited) @executable_path/Frameworks @loader_path/Frameworks";
				PRODUCT_BUNDLE_IDENTIFIER = "CY.Method-SwizzleUITests";
				PRODUCT_NAME = "$(TARGET_NAME)";
				TEST_TARGET_NAME = "Method Swizzle";
				USES_XCTRUNNER = YES;
			};
			name = Release;
		};
/* End XCBuildConfiguration section */

/* Begin XCConfigurationList section */
		DEA068621BFC6743009CE91E /* Build configuration list for PBXProject "Method Swizzle" */ = {
			isa = XCConfigurationList;
			buildConfigurations = (
				DEA068921BFC6744009CE91E /* Debug */,
				DEA068931BFC6744009CE91E /* Release */,
			);
			defaultConfigurationIsVisible = 0;
			defaultConfigurationName = Release;
		};
		DEA068941BFC6744009CE91E /* Build configuration list for PBXNativeTarget "Method Swizzle" */ = {
			isa = XCConfigurationList;
			buildConfigurations = (
				DEA068951BFC6744009CE91E /* Debug */,
				DEA068961BFC6744009CE91E /* Release */,
			);
			defaultConfigurationIsVisible = 0;
			defaultConfigurationName = Release;
		};
		DEA068971BFC6744009CE91E /* Build configuration list for PBXNativeTarget "Method SwizzleTests" */ = {
			isa = XCConfigurationList;
			buildConfigurations = (
				DEA068981BFC6744009CE91E /* Debug */,
				DEA068991BFC6744009CE91E /* Release */,
			);
			defaultConfigurationIsVisible = 0;
			defaultConfigurationName = Release;
		};
		DEA0689A1BFC6744009CE91E /* Build configuration list for PBXNativeTarget "Method SwizzleUITests" */ = {
			isa = XCConfigurationList;
			buildConfigurations = (
				DEA0689B1BFC6744009CE91E /* Debug */,
				DEA0689C1BFC6744009CE91E /* Release */,
			);
			defaultConfigurationIsVisible = 0;
			defaultConfigurationName = Release;
		};
/* End XCConfigurationList section */
	};
	rootObject = DEA0685F1BFC6743009CE91E /* Project object */;
}
